
Microsoft Visual Studio Solution File, Format Version 12.00
# Visual Studio Version 17
VisualStudioVersion = 17.3.32901.215
MinimumVisualStudioVersion = 10.0.40219.1
Project("{FAE04EC0-301F-11D3-BF4B-00C04F79EFBC}") = "Frontend", "Frontend\Frontend.csproj", "{2F0D83DA-65C1-4CAD-BF9E-43DFE2C0021F}"
EndProject
Global
	GlobalSection(SolutionConfigurationPlatforms) = preSolution
		Debug|Any CPU = Debug|Any CPU
		Release|Any CPU = Release|Any CPU
	EndGlobalSection
	GlobalSection(ProjectConfigurationPlatforms) = postSolution
		{2F0D83DA-65C1-4CAD-BF9E-43DFE2C0021F}.Debug|Any CPU.ActiveCfg = Debug|Any CPU
		{2F0D83DA-65C1-4CAD-BF9E-43DFE2C0021F}.Debug|Any CPU.Build.0 = Debug|Any CPU
		{2F0D83DA-65C1-4CAD-BF9E-43DFE2C0021F}.Release|Any CPU.ActiveCfg = Release|Any CPU
		{2F0D83DA-65C1-4CAD-BF9E-43DFE2C0021F}.Release|Any CPU.Build.0 = Release|Any CPU
	EndGlobalSection
	GlobalSection(SolutionProperties) = preSolution
		HideSolutionNode = FALSE
	EndGlobalSection
	GlobalSection(ExtensibilityGlobals) = postSolution
		SolutionGuid = {A7A95439-4A4D-4123-AA81-C53BB49914CF}
	EndGlobalSection
EndGlobal
